
Microsoft Visual Studio Solution File, Format Version 12.00
# Visual Studio Version 17
VisualStudioVersion = 17.0.31903.59
MinimumVisualStudioVersion = 10.0.40219.1
Project("{2150E333-8FDC-42A3-9474-1A3956D46DE8}") = "src", "src", "{827E0CD3-B72D-47B6-A68D-7590B98EB39B}"
EndProject
Project("{FAE04EC0-301F-11D3-BF4B-00C04F79EFBC}") = "Vanilla.Api", "src\Vanilla.Api\Vanilla.Api.csproj", "{05BC2454-3828-4834-842E-D611CB47F3B3}"
EndProject
Project("{FAE04EC0-301F-11D3-BF4B-00C04F79EFBC}") = "Vanilla.Application", "src\Vanilla.Application\Vanilla.Application.csproj", "{5B47C193-60D6-4F43-9F42-ED52A37C642E}"
EndProject
Project("{FAE04EC0-301F-11D3-BF4B-00C04F79EFBC}") = "Vanilla.Domain", "src\Vanilla.Domain\Vanilla.Domain.csproj", "{A3D2B94D-8E57-4899-9553-38DB9505CAE9}"
EndProject
Project("{FAE04EC0-301F-11D3-BF4B-00C04F79EFBC}") = "Vanilla.Infrastructure", "src\Vanilla.Infrastructure\Vanilla.Infrastructure.csproj", "{187C8FCA-EA45-4036-A0D7-144C9C27BFED}"
EndProject
Project("{2150E333-8FDC-42A3-9474-1A3956D46DE8}") = "tests", "tests", "{0AB3BF05-4346-4AA6-1389-037BE0695223}"
EndProject
Project("{FAE04EC0-301F-11D3-BF4B-00C04F79EFBC}") = "Vanilla.Api.Tests", "tests\Vanilla.Api.Tests\Vanilla.Api.Tests.csproj", "{3BC75A2F-0A63-4425-AFBC-855CB7AB7965}"
EndProject
Global
	GlobalSection(SolutionConfigurationPlatforms) = preSolution
		Debug|Any CPU = Debug|Any CPU
		Debug|x64 = Debug|x64
		Debug|x86 = Debug|x86
		Release|Any CPU = Release|Any CPU
		Release|x64 = Release|x64
		Release|x86 = Release|x86
	EndGlobalSection
	GlobalSection(ProjectConfigurationPlatforms) = postSolution
		{05BC2454-3828-4834-842E-D611CB47F3B3}.Debug|Any CPU.ActiveCfg = Debug|Any CPU
		{05BC2454-3828-4834-842E-D611CB47F3B3}.Debug|Any CPU.Build.0 = Debug|Any CPU
		{05BC2454-3828-4834-842E-D611CB47F3B3}.Debug|x64.ActiveCfg = Debug|Any CPU
		{05BC2454-3828-4834-842E-D611CB47F3B3}.Debug|x64.Build.0 = Debug|Any CPU
		{05BC2454-3828-4834-842E-D611CB47F3B3}.Debug|x86.ActiveCfg = Debug|Any CPU
		{05BC2454-3828-4834-842E-D611CB47F3B3}.Debug|x86.Build.0 = Debug|Any CPU
		{05BC2454-3828-4834-842E-D611CB47F3B3}.Release|Any CPU.ActiveCfg = Release|Any CPU
		{05BC2454-3828-4834-842E-D611CB47F3B3}.Release|Any CPU.Build.0 = Release|Any CPU
		{05BC2454-3828-4834-842E-D611CB47F3B3}.Release|x64.ActiveCfg = Release|Any CPU
		{05BC2454-3828-4834-842E-D611CB47F3B3}.Release|x64.Build.0 = Release|Any CPU
		{05BC2454-3828-4834-842E-D611CB47F3B3}.Release|x86.ActiveCfg = Release|Any CPU
		{05BC2454-3828-4834-842E-D611CB47F3B3}.Release|x86.Build.0 = Release|Any CPU
		{5B47C193-60D6-4F43-9F42-ED52A37C642E}.Debug|Any CPU.ActiveCfg = Debug|Any CPU
		{5B47C193-60D6-4F43-9F42-ED52A37C642E}.Debug|Any CPU.Build.0 = Debug|Any CPU
		{5B47C193-60D6-4F43-9F42-ED52A37C642E}.Debug|x64.ActiveCfg = Debug|Any CPU
		{5B47C193-60D6-4F43-9F42-ED52A37C642E}.Debug|x64.Build.0 = Debug|Any CPU
		{5B47C193-60D6-4F43-9F42-ED52A37C642E}.Debug|x86.ActiveCfg = Debug|Any CPU
		{5B47C193-60D6-4F43-9F42-ED52A37C642E}.Debug|x86.Build.0 = Debug|Any CPU
		{5B47C193-60D6-4F43-9F42-ED52A37C642E}.Release|Any CPU.ActiveCfg = Release|Any CPU
		{5B47C193-60D6-4F43-9F42-ED52A37C642E}.Release|Any CPU.Build.0 = Release|Any CPU
		{5B47C193-60D6-4F43-9F42-ED52A37C642E}.Release|x64.ActiveCfg = Release|Any CPU
		{5B47C193-60D6-4F43-9F42-ED52A37C642E}.Release|x64.Build.0 = Release|Any CPU
		{5B47C193-60D6-4F43-9F42-ED52A37C642E}.Release|x86.ActiveCfg = Release|Any CPU
		{5B47C193-60D6-4F43-9F42-ED52A37C642E}.Release|x86.Build.0 = Release|Any CPU
		{A3D2B94D-8E57-4899-9553-38DB9505CAE9}.Debug|Any CPU.ActiveCfg = Debug|Any CPU
		{A3D2B94D-8E57-4899-9553-38DB9505CAE9}.Debug|Any CPU.Build.0 = Debug|Any CPU
		{A3D2B94D-8E57-4899-9553-38DB9505CAE9}.Debug|x64.ActiveCfg = Debug|Any CPU
		{A3D2B94D-8E57-4899-9553-38DB9505CAE9}.Debug|x64.Build.0 = Debug|Any CPU
		{A3D2B94D-8E57-4899-9553-38DB9505CAE9}.Debug|x86.ActiveCfg = Debug|Any CPU
		{A3D2B94D-8E57-4899-9553-38DB9505CAE9}.Debug|x86.Build.0 = Debug|Any CPU
		{A3D2B94D-8E57-4899-9553-38DB9505CAE9}.Release|Any CPU.ActiveCfg = Release|Any CPU
		{A3D2B94D-8E57-4899-9553-38DB9505CAE9}.Release|Any CPU.Build.0 = Release|Any CPU
		{A3D2B94D-8E57-4899-9553-38DB9505CAE9}.Release|x64.ActiveCfg = Release|Any CPU
		{A3D2B94D-8E57-4899-9553-38DB9505CAE9}.Release|x64.Build.0 = Release|Any CPU
		{A3D2B94D-8E57-4899-9553-38DB9505CAE9}.Release|x86.ActiveCfg = Release|Any CPU
		{A3D2B94D-8E57-4899-9553-38DB9505CAE9}.Release|x86.Build.0 = Release|Any CPU
		{187C8FCA-EA45-4036-A0D7-144C9C27BFED}.Debug|Any CPU.ActiveCfg = Debug|Any CPU
		{187C8FCA-EA45-4036-A0D7-144C9C27BFED}.Debug|Any CPU.Build.0 = Debug|Any CPU
		{187C8FCA-EA45-4036-A0D7-144C9C27BFED}.Debug|x64.ActiveCfg = Debug|Any CPU
		{187C8FCA-EA45-4036-A0D7-144C9C27BFED}.Debug|x64.Build.0 = Debug|Any CPU
		{187C8FCA-EA45-4036-A0D7-144C9C27BFED}.Debug|x86.ActiveCfg = Debug|Any CPU
		{187C8FCA-EA45-4036-A0D7-144C9C27BFED}.Debug|x86.Build.0 = Debug|Any CPU
		{187C8FCA-EA45-4036-A0D7-144C9C27BFED}.Release|Any CPU.ActiveCfg = Release|Any CPU
		{187C8FCA-EA45-4036-A0D7-144C9C27BFED}.Release|Any CPU.Build.0 = Release|Any CPU
		{187C8FCA-EA45-4036-A0D7-144C9C27BFED}.Release|x64.ActiveCfg = Release|Any CPU
		{187C8FCA-EA45-4036-A0D7-144C9C27BFED}.Release|x64.Build.0 = Release|Any CPU
		{187C8FCA-EA45-4036-A0D7-144C9C27BFED}.Release|x86.ActiveCfg = Release|Any CPU
		{187C8FCA-EA45-4036-A0D7-144C9C27BFED}.Release|x86.Build.0 = Release|Any CPU
		{3BC75A2F-0A63-4425-AFBC-855CB7AB7965}.Debug|Any CPU.ActiveCfg = Debug|Any CPU
		{3BC75A2F-0A63-4425-AFBC-855CB7AB7965}.Debug|Any CPU.Build.0 = Debug|Any CPU
		{3BC75A2F-0A63-4425-AFBC-855CB7AB7965}.Debug|x64.ActiveCfg = Debug|Any CPU
		{3BC75A2F-0A63-4425-AFBC-855CB7AB7965}.Debug|x64.Build.0 = Debug|Any CPU
		{3BC75A2F-0A63-4425-AFBC-855CB7AB7965}.Debug|x86.ActiveCfg = Debug|Any CPU
		{3BC75A2F-0A63-4425-AFBC-855CB7AB7965}.Debug|x86.Build.0 = Debug|Any CPU
		{3BC75A2F-0A63-4425-AFBC-855CB7AB7965}.Release|Any CPU.ActiveCfg = Release|Any CPU
		{3BC75A2F-0A63-4425-AFBC-855CB7AB7965}.Release|Any CPU.Build.0 = Release|Any CPU
		{3BC75A2F-0A63-4425-AFBC-855CB7AB7965}.Release|x64.ActiveCfg = Release|Any CPU
		{3BC75A2F-0A63-4425-AFBC-855CB7AB7965}.Release|x64.Build.0 = Release|Any CPU
		{3BC75A2F-0A63-4425-AFBC-855CB7AB7965}.Release|x86.ActiveCfg = Release|Any CPU
		{3BC75A2F-0A63-4425-AFBC-855CB7AB7965}.Release|x86.Build.0 = Release|Any CPU
	EndGlobalSection
	GlobalSection(SolutionProperties) = preSolution
		HideSolutionNode = FALSE
	EndGlobalSection
	GlobalSection(NestedProjects) = preSolution
		{05BC2454-3828-4834-842E-D611CB47F3B3} = {827E0CD3-B72D-47B6-A68D-7590B98EB39B}
		{5B47C193-60D6-4F43-9F42-ED52A37C642E} = {827E0CD3-B72D-47B6-A68D-7590B98EB39B}
		{A3D2B94D-8E57-4899-9553-38DB9505CAE9} = {827E0CD3-B72D-47B6-A68D-7590B98EB39B}
		{187C8FCA-EA45-4036-A0D7-144C9C27BFED} = {827E0CD3-B72D-47B6-A68D-7590B98EB39B}
		{3BC75A2F-0A63-4425-AFBC-855CB7AB7965} = {0AB3BF05-4346-4AA6-1389-037BE0695223}
	EndGlobalSection
EndGlobal
